<?xml version="1.0" encoding="utf-8"?>
<Project ToolsVersion="4.0" xmlns="http://schemas.microsoft.com/developer/msbuild/2003">
  <ItemGroup>
    <Filter Include="소스 파일">
      <UniqueIdentifier>{4FC737F1-C7A5-4376-A066-2A32D752A2FF}</UniqueIdentifier>
      <Extensions>cpp;c;cc;cxx;def;odl;idl;hpj;bat;asm;asmx</Extensions>
    </Filter>
    <Filter Include="헤더 파일">
      <UniqueIdentifier>{93995380-89BD-4b04-88EB-625FBE52EBFB}</UniqueIdentifier>
      <Extensions>h;hh;hpp;hxx;hm;inl;inc;ipp;xsd</Extensions>
    </Filter>
    <Filter Include="리소스 파일">
      <UniqueIdentifier>{67DA6AB6-F800-4c08-8B7A-83BB121AAD01}</UniqueIdentifier>
      <Extensions>rc;ico;cur;bmp;dlg;rc2;rct;bin;rgs;gif;jpg;jpeg;jpe;resx;tiff;tif;png;wav;mfcribbon-ms</Extensions>
    </Filter>
    <Filter Include="gluk">
      <UniqueIdentifier>{ce58c90b-c5a6-4a3b-a3fb-82a2d1a48e6d}</UniqueIdentifier>
    </Filter>
    <Filter Include="gluk\detail">
      <UniqueIdentifier>{d3a5d9a9-92a5-4300-b740-600fa2a3b91c}</UniqueIdentifier>
    </Filter>
  </ItemGroup>
  <ItemGroup>
    <ClInclude Include="gluk\application.h">
      <Filter>gluk</Filter>
    </ClInclude>
    <ClInclude Include="gluk\camera.h">
      <Filter>gluk</Filter>
    </ClInclude>
    <ClInclude Include="gluk\scene.h">
      <Filter>gluk</Filter>
    </ClInclude>
    <ClInclude Include="gluk\shader.h">
      <Filter>gluk</Filter>
    </ClInclude>
    <ClInclude Include="gluk\shader_manager.h">
      <Filter>gluk</Filter>
    </ClInclude>
    <ClInclude Include="gluk\window.h">
      <Filter>gluk</Filter>
    </ClInclude>
    <ClInclude Include="gluk\detail\shader_impl.h">
      <Filter>gluk\detail</Filter>
    </ClInclude>
    <ClInclude Include="gluk\glukdef.h">
      <Filter>gluk</Filter>
    </ClInclude>
  </ItemGroup>
  <ItemGroup>
    <ClCompile Include="application.cpp">
      <Filter>소스 파일</Filter>
    </ClCompile>
    <ClCompile Include="camera.cpp">
      <Filter>소스 파일</Filter>
    </ClCompile>
    <ClCompile Include="shader.cpp">
      <Filter>소스 파일</Filter>
    </ClCompile>
    <ClCompile Include="shader_manager.cpp">
      <Filter>소스 파일</Filter>
    </ClCompile>
    <ClCompile Include="window.cpp">
      <Filter>소스 파일</Filter>
    </ClCompile>
  </ItemGroup>
</Project>