
Microsoft Visual Studio Solution File, Format Version 12.00
# Visual Studio 15
VisualStudioVersion = 15.0.27428.2027
MinimumVisualStudioVersion = 10.0.40219.1
Project("{8BC9CEB8-8B4A-11D0-8D11-00A0C91BC942}") = "civview-gl", "civview-gl\civview-gl.vcxproj", "{C3366EA0-70F4-4001-BCEA-B0D7C938B684}"
EndProject
Project("{2150E333-8FDC-42A3-9474-1A3956D46DE8}") = "Solution Items", "Solution Items", "{AF3A5289-81A5-4024-8A7B-4A0E1E98D0C4}"
	ProjectSection(SolutionItems) = preProject
		.editorconfig = .editorconfig
		.gitattributes = .gitattributes
		.gitignore = .gitignore
		LICENSE = LICENSE
		README.md = README.md
	EndProjectSection
EndProject
Global
	GlobalSection(SolutionConfigurationPlatforms) = preSolution
		Debug|x64 = Debug|x64
		Debug|x86 = Debug|x86
		Release|x64 = Release|x64
		Release|x86 = Release|x86
	EndGlobalSection
	GlobalSection(ProjectConfigurationPlatforms) = postSolution
		{C3366EA0-70F4-4001-BCEA-B0D7C938B684}.Debug|x64.ActiveCfg = Debug|x64
		{C3366EA0-70F4-4001-BCEA-B0D7C938B684}.Debug|x64.Build.0 = Debug|x64
		{C3366EA0-70F4-4001-BCEA-B0D7C938B684}.Debug|x86.ActiveCfg = Debug|Win32
		{C3366EA0-70F4-4001-BCEA-B0D7C938B684}.Debug|x86.Build.0 = Debug|Win32
		{C3366EA0-70F4-4001-BCEA-B0D7C938B684}.Release|x64.ActiveCfg = Release|x64
		{C3366EA0-70F4-4001-BCEA-B0D7C938B684}.Release|x64.Build.0 = Release|x64
		{C3366EA0-70F4-4001-BCEA-B0D7C938B684}.Release|x86.ActiveCfg = Release|Win32
		{C3366EA0-70F4-4001-BCEA-B0D7C938B684}.Release|x86.Build.0 = Release|Win32
	EndGlobalSection
	GlobalSection(SolutionProperties) = preSolution
		HideSolutionNode = FALSE
	EndGlobalSection
	GlobalSection(ExtensibilityGlobals) = postSolution
		SolutionGuid = {E8482BAA-6117-4767-81F2-774B1245E83C}
	EndGlobalSection
EndGlobal
